version = 1
requires-python = ">=3.13"

[[package]]
name = "colorama"
version = "0.4.6"
source = { registry = "https://pypi.org/simple" }
sdist = { url = "https://files.pythonhosted.org/packages/d8/53/6f443c9a4a8358a93a6792e2acffb9d9d5cb0a5cfd8802644b7b1c9a02e4/colorama-0.4.6.tar.gz", hash = "sha256:08695f5cb7ed6e0531a20572697297273c47b8cae5a63ffc6d6ed5c201be6e44", size = 27697 }
wheels = [
    { url = "https://files.pythonhosted.org/packages/d1/d6/3965ed04c63042e047cb6a3e6ed1a63a35087b6a609aa3a15ed8ac56c221/colorama-0.4.6-py2.py3-none-any.whl", hash = "sha256:4f1d9991f5acc0ca119f9d443620b77f9d6b33703e51011c16baf57afb285fc6", size = 25335 },
]

[[package]]
name = "gibss"
version = "0.1.0"
source = { virtual = "." }
dependencies = [
    { name = "jax" },
    { name = "jaxlib" },
    { name = "numpy" },
    { name = "scipy" },
    { name = "tqdm" },
]

[package.metadata]
requires-dist = [
    { name = "jax", specifier = ">=0.5.0" },
    { name = "jaxlib", specifier = ">=0.5.0" },
    { name = "numpy", specifier = ">=2.2.2" },
    { name = "scipy", specifier = ">=1.15.1" },
    { name = "tqdm", specifier = ">=4.67.1" },
]

[[package]]
name = "jax"
version = "0.5.0"
source = { registry = "https://pypi.org/simple" }
dependencies = [
    { name = "jaxlib" },
    { name = "ml-dtypes" },
    { name = "numpy" },
    { name = "opt-einsum" },
    { name = "scipy" },
]
sdist = { url = "https://files.pythonhosted.org/packages/4a/cb/22d62b26284f08e62d6eb64603d3b010004cfdb7a97ce6cca5c6cf86edab/jax-0.5.0.tar.gz", hash = "sha256:49df70bf293a345a7fb519f71193506d37a024c4f850b358042eb32d502c81c8", size = 1959707 }
wheels = [
    { url = "https://files.pythonhosted.org/packages/f4/58/cc0721a1030fcbab0984beea0bf3c4610ec103f738423cdfa9c4ceb40598/jax-0.5.0-py3-none-any.whl", hash = "sha256:b3907aa87ae2c340b39cdbf80c07a74550369cafcaf7398fb60ba58d167345ab", size = 2270365 },
]

[[package]]
name = "jaxlib"
version = "0.5.0"
source = { registry = "https://pypi.org/simple" }
dependencies = [
    { name = "ml-dtypes" },
    { name = "numpy" },
    { name = "scipy" },
]
wheels = [
    { url = "https://files.pythonhosted.org/packages/22/ac/e400473e6a2f405fd6e4dc40a713bb9a3868a3f76a8ffc5eb66f6e686002/jaxlib-0.5.0-cp313-cp313-macosx_11_0_arm64.whl", hash = "sha256:ed18ea7161d03aa8fd4d1b55494882f21420efdfea68e5f298c4aebcf2ac3f34", size = 79245359 },
    { url = "https://files.pythonhosted.org/packages/44/2d/c210abf4a9b2ce2e0858fcd3567c8773a739114e37d751af6c228901af57/jaxlib-0.5.0-cp313-cp313-manylinux2014_aarch64.whl", hash = "sha256:7d9b17a7ea19355d45ecdb2ff0db5d707a86f0c5a862d94b89b4568d6c45311a", size = 93180025 },
    { url = "https://files.pythonhosted.org/packages/30/f8/316f7b4797c5eb50c6d70e461724a7cbe08b4505ca4da1bfd260c135895a/jaxlib-0.5.0-cp313-cp313-manylinux2014_x86_64.whl", hash = "sha256:11eef01d37c0f1c5306265b76f207f1002d13480ded2e31fd63ec76912c93ca2", size = 101982281 },
    { url = "https://files.pythonhosted.org/packages/4c/f2/cfa012a0417c9b13b44c8e1d3ebf5fd04e8bb738b5c93e20c9fc97919880/jaxlib-0.5.0-cp313-cp313-win_amd64.whl", hash = "sha256:61b4d26cd6a0c49ba0b1e4340c7d29198913ee2dc70b65ee90752717d22305bb", size = 63900219 },
]

[[package]]
name = "ml-dtypes"
version = "0.5.1"
source = { registry = "https://pypi.org/simple" }
dependencies = [
    { name = "numpy" },
]
sdist = { url = "https://files.pythonhosted.org/packages/32/49/6e67c334872d2c114df3020e579f3718c333198f8312290e09ec0216703a/ml_dtypes-0.5.1.tar.gz", hash = "sha256:ac5b58559bb84a95848ed6984eb8013249f90b6bab62aa5acbad876e256002c9", size = 698772 }
wheels = [
    { url = "https://files.pythonhosted.org/packages/0f/92/bb6a3d18e16fddd18ce6d5f480e1919b33338c70e18cba831c6ae59812ee/ml_dtypes-0.5.1-cp313-cp313-macosx_10_13_universal2.whl", hash = "sha256:12651420130ee7cc13059fc56dac6ad300c3af3848b802d475148c9defd27c23", size = 667696 },
    { url = "https://files.pythonhosted.org/packages/6d/29/cfc89d842767e9a51146043b0fa18332c2b38f8831447e6cb1160e3c6102/ml_dtypes-0.5.1-cp313-cp313-manylinux_2_17_aarch64.manylinux2014_aarch64.whl", hash = "sha256:c9945669d3dadf8acb40ec2e57d38c985d8c285ea73af57fc5b09872c516106d", size = 4638365 },
    { url = "https://files.pythonhosted.org/packages/be/26/adc36e3ea09603d9f6d114894e1c1b7b8e8a9ef6d0b031cc270c6624a37c/ml_dtypes-0.5.1-cp313-cp313-manylinux_2_17_x86_64.manylinux2014_x86_64.whl", hash = "sha256:bf9975bda82a99dc935f2ae4c83846d86df8fd6ba179614acac8e686910851da", size = 4702722 },
    { url = "https://files.pythonhosted.org/packages/da/8a/a2b9375c94077e5a488a624a195621407846f504068ce22ccf805c674156/ml_dtypes-0.5.1-cp313-cp313-win_amd64.whl", hash = "sha256:fd918d4e6a4e0c110e2e05be7a7814d10dc1b95872accbf6512b80a109b71ae1", size = 210850 },
    { url = "https://files.pythonhosted.org/packages/52/38/703169100fdde27957f061d4d0ea3e00525775a09acaccf7e655d9609d55/ml_dtypes-0.5.1-cp313-cp313t-macosx_10_13_universal2.whl", hash = "sha256:05f23447a1c20ddf4dc7c2c661aa9ed93fcb2658f1017c204d1e758714dc28a8", size = 693043 },
    { url = "https://files.pythonhosted.org/packages/28/ff/4e234c9c23e0d456f5da5a326c103bf890c746d93351524d987e41f438b3/ml_dtypes-0.5.1-cp313-cp313t-manylinux_2_17_aarch64.manylinux2014_aarch64.whl", hash = "sha256:1b7fbe5571fdf28fd3aaab3ef4aafc847de9ebf263be959958c1ca58ec8eadf5", size = 4903946 },
    { url = "https://files.pythonhosted.org/packages/b7/45/c1a1ccfdd02bc4173ca0f4a2d327683a27df85797b885eb1da1ca325b85c/ml_dtypes-0.5.1-cp313-cp313t-manylinux_2_17_x86_64.manylinux2014_x86_64.whl", hash = "sha256:d13755f8e8445b3870114e5b6240facaa7cb0c3361e54beba3e07fa912a6e12b", size = 5052731 },
]

[[package]]
name = "numpy"
version = "2.2.2"
source = { registry = "https://pypi.org/simple" }
sdist = { url = "https://files.pythonhosted.org/packages/ec/d0/c12ddfd3a02274be06ffc71f3efc6d0e457b0409c4481596881e748cb264/numpy-2.2.2.tar.gz", hash = "sha256:ed6906f61834d687738d25988ae117683705636936cc605be0bb208b23df4d8f", size = 20233295 }
wheels = [
    { url = "https://files.pythonhosted.org/packages/e1/fe/df5624001f4f5c3e0b78e9017bfab7fdc18a8d3b3d3161da3d64924dd659/numpy-2.2.2-cp313-cp313-macosx_10_13_x86_64.whl", hash = "sha256:b208cfd4f5fe34e1535c08983a1a6803fdbc7a1e86cf13dd0c61de0b51a0aadc", size = 20899188 },
    { url = "https://files.pythonhosted.org/packages/a9/80/d349c3b5ed66bd3cb0214be60c27e32b90a506946857b866838adbe84040/numpy-2.2.2-cp313-cp313-macosx_11_0_arm64.whl", hash = "sha256:d0bbe7dd86dca64854f4b6ce2ea5c60b51e36dfd597300057cf473d3615f2369", size = 14113972 },
    { url = "https://files.pythonhosted.org/packages/9d/50/949ec9cbb28c4b751edfa64503f0913cbfa8d795b4a251e7980f13a8a655/numpy-2.2.2-cp313-cp313-macosx_14_0_arm64.whl", hash = "sha256:22ea3bb552ade325530e72a0c557cdf2dea8914d3a5e1fecf58fa5dbcc6f43cd", size = 5114294 },
    { url = "https://files.pythonhosted.org/packages/8d/f3/399c15629d5a0c68ef2aa7621d430b2be22034f01dd7f3c65a9c9666c445/numpy-2.2.2-cp313-cp313-macosx_14_0_x86_64.whl", hash = "sha256:128c41c085cab8a85dc29e66ed88c05613dccf6bc28b3866cd16050a2f5448be", size = 6648426 },
    { url = "https://files.pythonhosted.org/packages/2c/03/c72474c13772e30e1bc2e558cdffd9123c7872b731263d5648b5c49dd459/numpy-2.2.2-cp313-cp313-manylinux_2_17_aarch64.manylinux2014_aarch64.whl", hash = "sha256:250c16b277e3b809ac20d1f590716597481061b514223c7badb7a0f9993c7f84", size = 14045990 },
    { url = "https://files.pythonhosted.org/packages/83/9c/96a9ab62274ffafb023f8ee08c88d3d31ee74ca58869f859db6845494fa6/numpy-2.2.2-cp313-cp313-manylinux_2_17_x86_64.manylinux2014_x86_64.whl", hash = "sha256:e0c8854b09bc4de7b041148d8550d3bd712b5c21ff6a8ed308085f190235d7ff", size = 16096614 },
    { url = "https://files.pythonhosted.org/packages/d5/34/cd0a735534c29bec7093544b3a509febc9b0df77718a9b41ffb0809c9f46/numpy-2.2.2-cp313-cp313-musllinux_1_2_aarch64.whl", hash = "sha256:b6fb9c32a91ec32a689ec6410def76443e3c750e7cfc3fb2206b985ffb2b85f0", size = 15242123 },
    { url = "https://files.pythonhosted.org/packages/5e/6d/541717a554a8f56fa75e91886d9b79ade2e595918690eb5d0d3dbd3accb9/numpy-2.2.2-cp313-cp313-musllinux_1_2_x86_64.whl", hash = "sha256:57b4012e04cc12b78590a334907e01b3a85efb2107df2b8733ff1ed05fce71de", size = 17859160 },
    { url = "https://files.pythonhosted.org/packages/b9/a5/fbf1f2b54adab31510728edd06a05c1b30839f37cf8c9747cb85831aaf1b/numpy-2.2.2-cp313-cp313-win32.whl", hash = "sha256:4dbd80e453bd34bd003b16bd802fac70ad76bd463f81f0c518d1245b1c55e3d9", size = 6273337 },
    { url = "https://files.pythonhosted.org/packages/56/e5/01106b9291ef1d680f82bc47d0c5b5e26dfed15b0754928e8f856c82c881/numpy-2.2.2-cp313-cp313-win_amd64.whl", hash = "sha256:5a8c863ceacae696aff37d1fd636121f1a512117652e5dfb86031c8d84836369", size = 12609010 },
    { url = "https://files.pythonhosted.org/packages/9f/30/f23d9876de0f08dceb707c4dcf7f8dd7588266745029debb12a3cdd40be6/numpy-2.2.2-cp313-cp313t-macosx_10_13_x86_64.whl", hash = "sha256:b3482cb7b3325faa5f6bc179649406058253d91ceda359c104dac0ad320e1391", size = 20924451 },
    { url = "https://files.pythonhosted.org/packages/6a/ec/6ea85b2da9d5dfa1dbb4cb3c76587fc8ddcae580cb1262303ab21c0926c4/numpy-2.2.2-cp313-cp313t-macosx_11_0_arm64.whl", hash = "sha256:9491100aba630910489c1d0158034e1c9a6546f0b1340f716d522dc103788e39", size = 14122390 },
    { url = "https://files.pythonhosted.org/packages/68/05/bfbdf490414a7dbaf65b10c78bc243f312c4553234b6d91c94eb7c4b53c2/numpy-2.2.2-cp313-cp313t-macosx_14_0_arm64.whl", hash = "sha256:41184c416143defa34cc8eb9d070b0a5ba4f13a0fa96a709e20584638254b317", size = 5156590 },
    { url = "https://files.pythonhosted.org/packages/f7/ec/fe2e91b2642b9d6544518388a441bcd65c904cea38d9ff998e2e8ebf808e/numpy-2.2.2-cp313-cp313t-macosx_14_0_x86_64.whl", hash = "sha256:7dca87ca328f5ea7dafc907c5ec100d187911f94825f8700caac0b3f4c384b49", size = 6671958 },
    { url = "https://files.pythonhosted.org/packages/b1/6f/6531a78e182f194d33ee17e59d67d03d0d5a1ce7f6be7343787828d1bd4a/numpy-2.2.2-cp313-cp313t-manylinux_2_17_aarch64.manylinux2014_aarch64.whl", hash = "sha256:0bc61b307655d1a7f9f4b043628b9f2b721e80839914ede634e3d485913e1fb2", size = 14019950 },
    { url = "https://files.pythonhosted.org/packages/e1/fb/13c58591d0b6294a08cc40fcc6b9552d239d773d520858ae27f39997f2ae/numpy-2.2.2-cp313-cp313t-manylinux_2_17_x86_64.manylinux2014_x86_64.whl", hash = "sha256:9fad446ad0bc886855ddf5909cbf8cb5d0faa637aaa6277fb4b19ade134ab3c7", size = 16079759 },
    { url = "https://files.pythonhosted.org/packages/2c/f2/f2f8edd62abb4b289f65a7f6d1f3650273af00b91b7267a2431be7f1aec6/numpy-2.2.2-cp313-cp313t-musllinux_1_2_aarch64.whl", hash = "sha256:149d1113ac15005652e8d0d3f6fd599360e1a708a4f98e43c9c77834a28238cb", size = 15226139 },
    { url = "https://files.pythonhosted.org/packages/aa/29/14a177f1a90b8ad8a592ca32124ac06af5eff32889874e53a308f850290f/numpy-2.2.2-cp313-cp313t-musllinux_1_2_x86_64.whl", hash = "sha256:106397dbbb1896f99e044efc90360d098b3335060375c26aa89c0d8a97c5f648", size = 17856316 },
    { url = "https://files.pythonhosted.org/packages/95/03/242ae8d7b97f4e0e4ab8dd51231465fb23ed5e802680d629149722e3faf1/numpy-2.2.2-cp313-cp313t-win32.whl", hash = "sha256:0eec19f8af947a61e968d5429f0bd92fec46d92b0008d0a6685b40d6adf8a4f4", size = 6329134 },
    { url = "https://files.pythonhosted.org/packages/80/94/cd9e9b04012c015cb6320ab3bf43bc615e248dddfeb163728e800a5d96f0/numpy-2.2.2-cp313-cp313t-win_amd64.whl", hash = "sha256:97b974d3ba0fb4612b77ed35d7627490e8e3dff56ab41454d9e8b23448940576", size = 12696208 },
]

[[package]]
name = "opt-einsum"
version = "3.4.0"
source = { registry = "https://pypi.org/simple" }
sdist = { url = "https://files.pythonhosted.org/packages/8c/b9/2ac072041e899a52f20cf9510850ff58295003aa75525e58343591b0cbfb/opt_einsum-3.4.0.tar.gz", hash = "sha256:96ca72f1b886d148241348783498194c577fa30a8faac108586b14f1ba4473ac", size = 63004 }
wheels = [
    { url = "https://files.pythonhosted.org/packages/23/cd/066e86230ae37ed0be70aae89aabf03ca8d9f39c8aea0dec8029455b5540/opt_einsum-3.4.0-py3-none-any.whl", hash = "sha256:69bb92469f86a1565195ece4ac0323943e83477171b91d24c35afe028a90d7cd", size = 71932 },
]

[[package]]
name = "scipy"
version = "1.15.1"
source = { registry = "https://pypi.org/simple" }
dependencies = [
    { name = "numpy" },
]
sdist = { url = "https://files.pythonhosted.org/packages/76/c6/8eb0654ba0c7d0bb1bf67bf8fbace101a8e4f250f7722371105e8b6f68fc/scipy-1.15.1.tar.gz", hash = "sha256:033a75ddad1463970c96a88063a1df87ccfddd526437136b6ee81ff0312ebdf6", size = 59407493 }
wheels = [
    { url = "https://files.pythonhosted.org/packages/2b/bf/dd68965a4c5138a630eeed0baec9ae96e5d598887835bdde96cdd2fe4780/scipy-1.15.1-cp313-cp313-macosx_10_13_x86_64.whl", hash = "sha256:100193bb72fbff37dbd0bf14322314fc7cbe08b7ff3137f11a34d06dc0ee6b85", size = 41441136 },
    { url = "https://files.pythonhosted.org/packages/ef/5e/4928581312922d7e4d416d74c416a660addec4dd5ea185401df2269ba5a0/scipy-1.15.1-cp313-cp313-macosx_12_0_arm64.whl", hash = "sha256:2114a08daec64980e4b4cbdf5bee90935af66d750146b1d2feb0d3ac30613692", size = 32533699 },
    { url = "https://files.pythonhosted.org/packages/32/90/03f99c43041852837686898c66767787cd41c5843d7a1509c39ffef683e9/scipy-1.15.1-cp313-cp313-macosx_14_0_arm64.whl", hash = "sha256:6b3e71893c6687fc5e29208d518900c24ea372a862854c9888368c0b267387ab", size = 24807289 },
    { url = "https://files.pythonhosted.org/packages/9d/52/bfe82b42ae112eaba1af2f3e556275b8727d55ac6e4932e7aef337a9d9d4/scipy-1.15.1-cp313-cp313-macosx_14_0_x86_64.whl", hash = "sha256:837299eec3d19b7e042923448d17d95a86e43941104d33f00da7e31a0f715d3c", size = 27929844 },
    { url = "https://files.pythonhosted.org/packages/f6/77/54ff610bad600462c313326acdb035783accc6a3d5f566d22757ad297564/scipy-1.15.1-cp313-cp313-manylinux_2_17_aarch64.manylinux2014_aarch64.whl", hash = "sha256:82add84e8a9fb12af5c2c1a3a3f1cb51849d27a580cb9e6bd66226195142be6e", size = 38031272 },
    { url = "https://files.pythonhosted.org/packages/f1/26/98585cbf04c7cf503d7eb0a1966df8a268154b5d923c5fe0c1ed13154c49/scipy-1.15.1-cp313-cp313-manylinux_2_17_x86_64.manylinux2014_x86_64.whl", hash = "sha256:070d10654f0cb6abd295bc96c12656f948e623ec5f9a4eab0ddb1466c000716e", size = 40210217 },
    { url = "https://files.pythonhosted.org/packages/fd/3f/3d2285eb6fece8bc5dbb2f9f94d61157d61d155e854fd5fea825b8218f12/scipy-1.15.1-cp313-cp313-musllinux_1_2_x86_64.whl", hash = "sha256:55cc79ce4085c702ac31e49b1e69b27ef41111f22beafb9b49fea67142b696c4", size = 42587785 },
    { url = "https://files.pythonhosted.org/packages/48/7d/5b5251984bf0160d6533695a74a5fddb1fa36edd6f26ffa8c871fbd4782a/scipy-1.15.1-cp313-cp313-win_amd64.whl", hash = "sha256:c352c1b6d7cac452534517e022f8f7b8d139cd9f27e6fbd9f3cbd0bfd39f5bef", size = 43640439 },
    { url = "https://files.pythonhosted.org/packages/e7/b8/0e092f592d280496de52e152582030f8a270b194f87f890e1a97c5599b81/scipy-1.15.1-cp313-cp313t-macosx_10_13_x86_64.whl", hash = "sha256:0458839c9f873062db69a03de9a9765ae2e694352c76a16be44f93ea45c28d2b", size = 41619862 },
    { url = "https://files.pythonhosted.org/packages/f6/19/0b6e1173aba4db9e0b7aa27fe45019857fb90d6904038b83927cbe0a6c1d/scipy-1.15.1-cp313-cp313t-macosx_12_0_arm64.whl", hash = "sha256:af0b61c1de46d0565b4b39c6417373304c1d4f5220004058bdad3061c9fa8a95", size = 32610387 },
    { url = "https://files.pythonhosted.org/packages/e7/02/754aae3bd1fa0f2479ade3cfdf1732ecd6b05853f63eee6066a32684563a/scipy-1.15.1-cp313-cp313t-macosx_14_0_arm64.whl", hash = "sha256:71ba9a76c2390eca6e359be81a3e879614af3a71dfdabb96d1d7ab33da6f2364", size = 24883814 },
    { url = "https://files.pythonhosted.org/packages/1f/ac/d7906201604a2ea3b143bb0de51b3966f66441ba50b7dc182c4505b3edf9/scipy-1.15.1-cp313-cp313t-macosx_14_0_x86_64.whl", hash = "sha256:14eaa373c89eaf553be73c3affb11ec6c37493b7eaaf31cf9ac5dffae700c2e0", size = 27944865 },
    { url = "https://files.pythonhosted.org/packages/84/9d/8f539002b5e203723af6a6f513a45e0a7671e9dabeedb08f417ac17e4edc/scipy-1.15.1-cp313-cp313t-manylinux_2_17_x86_64.manylinux2014_x86_64.whl", hash = "sha256:f735bc41bd1c792c96bc426dece66c8723283695f02df61dcc4d0a707a42fc54", size = 39883261 },
    { url = "https://files.pythonhosted.org/packages/97/c0/62fd3bab828bcccc9b864c5997645a3b86372a35941cdaf677565c25c98d/scipy-1.15.1-cp313-cp313t-musllinux_1_2_x86_64.whl", hash = "sha256:2722a021a7929d21168830790202a75dbb20b468a8133c74a2c0230c72626b6c", size = 42093299 },
    { url = "https://files.pythonhosted.org/packages/e4/1f/5d46a8d94e9f6d2c913cbb109e57e7eed914de38ea99e2c4d69a9fc93140/scipy-1.15.1-cp313-cp313t-win_amd64.whl", hash = "sha256:bc7136626261ac1ed988dca56cfc4ab5180f75e0ee52e58f1e6aa74b5f3eacd5", size = 43181730 },
]

[[package]]
name = "tqdm"
version = "4.67.1"
source = { registry = "https://pypi.org/simple" }
dependencies = [
    { name = "colorama", marker = "sys_platform == 'win32'" },
]
sdist = { url = "https://files.pythonhosted.org/packages/a8/4b/29b4ef32e036bb34e4ab51796dd745cdba7ed47ad142a9f4a1eb8e0c744d/tqdm-4.67.1.tar.gz", hash = "sha256:f8aef9c52c08c13a65f30ea34f4e5aac3fd1a34959879d7e59e63027286627f2", size = 169737 }
wheels = [
    { url = "https://files.pythonhosted.org/packages/d0/30/dc54f88dd4a2b5dc8a0279bdd7270e735851848b762aeb1c1184ed1f6b14/tqdm-4.67.1-py3-none-any.whl", hash = "sha256:26445eca388f82e72884e0d580d5464cd801a3ea01e63e5601bdff9ba6a48de2", size = 78540 },
]
