# generated by rye
# use `rye lock` or `rye sync` to update this lockfile
#
# last locked with the following flags:
#   pre: false
#   features: []
#   all-features: false
#   with-sources: false
#   generate-hashes: false
#   universal: false

-e file:.
annotated-types==0.7.0
    # via pydantic
numpy==2.2.2
    # via pandas
    # via rtflite
pandas==2.2.3
    # via rtflite
pillow==11.1.0
    # via rtflite
pydantic==2.10.6
    # via rtflite
pydantic-core==2.27.2
    # via pydantic
python-dateutil==2.9.0.post0
    # via pandas
pytz==2024.2
    # via pandas
six==1.17.0
    # via python-dateutil
typing-extensions==4.12.2
    # via pydantic
    # via pydantic-core
tzdata==2025.1
    # via pandas
