version = 1
requires-python = ">=3.9, <3.13"

[[package]]
name = "chardet"
version = "5.2.0"
source = { registry = "https://pypi.org/simple" }
sdist = { url = "https://files.pythonhosted.org/packages/f3/0d/f7b6ab21ec75897ed80c17d79b15951a719226b9fababf1e40ea74d69079/chardet-5.2.0.tar.gz", hash = "sha256:1b3b6ff479a8c414bc3fa2c0852995695c4a026dcd6d0633b2dd092ca39c1cf7", size = 2069618 }
wheels = [
    { url = "https://files.pythonhosted.org/packages/38/6f/f5fbc992a329ee4e0f288c1fe0e2ad9485ed064cac731ed2fe47dcc38cbf/chardet-5.2.0-py3-none-any.whl", hash = "sha256:e1cf59446890a00105fe7b7912492ea04b6e6f06d4b742b2c788469e34c82970", size = 199385 },
]

[[package]]
name = "example-bot"
version = "0.1.0"
source = { virtual = "." }
dependencies = [
    { name = "pypdf2" },
    { name = "reportlab" },
    { name = "robotframework" },
]

[package.metadata]
requires-dist = [
    { name = "pypdf2", specifier = ">=3.0.1" },
    { name = "reportlab", specifier = ">=4.2.5" },
    { name = "robotframework", specifier = ">=7.1.1" },
]

[[package]]
name = "pillow"
version = "11.1.0"
source = { registry = "https://pypi.org/simple" }
sdist = { url = "https://files.pythonhosted.org/packages/f3/af/c097e544e7bd278333db77933e535098c259609c4eb3b85381109602fb5b/pillow-11.1.0.tar.gz", hash = "sha256:368da70808b36d73b4b390a8ffac11069f8a5c85f29eff1f1b01bcf3ef5b2a20", size = 46742715 }
wheels = [
    { url = "https://files.pythonhosted.org/packages/50/1c/2dcea34ac3d7bc96a1fd1bd0a6e06a57c67167fec2cff8d95d88229a8817/pillow-11.1.0-cp310-cp310-macosx_10_10_x86_64.whl", hash = "sha256:e1abe69aca89514737465752b4bcaf8016de61b3be1397a8fc260ba33321b3a8", size = 3229983 },
    { url = "https://files.pythonhosted.org/packages/14/ca/6bec3df25e4c88432681de94a3531cc738bd85dea6c7aa6ab6f81ad8bd11/pillow-11.1.0-cp310-cp310-macosx_11_0_arm64.whl", hash = "sha256:c640e5a06869c75994624551f45e5506e4256562ead981cce820d5ab39ae2192", size = 3101831 },
    { url = "https://files.pythonhosted.org/packages/d4/2c/668e18e5521e46eb9667b09e501d8e07049eb5bfe39d56be0724a43117e6/pillow-11.1.0-cp310-cp310-manylinux_2_17_aarch64.manylinux2014_aarch64.whl", hash = "sha256:a07dba04c5e22824816b2615ad7a7484432d7f540e6fa86af60d2de57b0fcee2", size = 4314074 },
    { url = "https://files.pythonhosted.org/packages/02/80/79f99b714f0fc25f6a8499ecfd1f810df12aec170ea1e32a4f75746051ce/pillow-11.1.0-cp310-cp310-manylinux_2_17_x86_64.manylinux2014_x86_64.whl", hash = "sha256:e267b0ed063341f3e60acd25c05200df4193e15a4a5807075cd71225a2386e26", size = 4394933 },
    { url = "https://files.pythonhosted.org/packages/81/aa/8d4ad25dc11fd10a2001d5b8a80fdc0e564ac33b293bdfe04ed387e0fd95/pillow-11.1.0-cp310-cp310-manylinux_2_28_aarch64.whl", hash = "sha256:bd165131fd51697e22421d0e467997ad31621b74bfc0b75956608cb2906dda07", size = 4353349 },
    { url = "https://files.pythonhosted.org/packages/84/7a/cd0c3eaf4a28cb2a74bdd19129f7726277a7f30c4f8424cd27a62987d864/pillow-11.1.0-cp310-cp310-manylinux_2_28_x86_64.whl", hash = "sha256:abc56501c3fd148d60659aae0af6ddc149660469082859fa7b066a298bde9482", size = 4476532 },
    { url = "https://files.pythonhosted.org/packages/8f/8b/a907fdd3ae8f01c7670dfb1499c53c28e217c338b47a813af8d815e7ce97/pillow-11.1.0-cp310-cp310-musllinux_1_2_aarch64.whl", hash = "sha256:54ce1c9a16a9561b6d6d8cb30089ab1e5eb66918cb47d457bd996ef34182922e", size = 4279789 },
    { url = "https://files.pythonhosted.org/packages/6f/9a/9f139d9e8cccd661c3efbf6898967a9a337eb2e9be2b454ba0a09533100d/pillow-11.1.0-cp310-cp310-musllinux_1_2_x86_64.whl", hash = "sha256:73ddde795ee9b06257dac5ad42fcb07f3b9b813f8c1f7f870f402f4dc54b5269", size = 4413131 },
    { url = "https://files.pythonhosted.org/packages/a8/68/0d8d461f42a3f37432203c8e6df94da10ac8081b6d35af1c203bf3111088/pillow-11.1.0-cp310-cp310-win32.whl", hash = "sha256:3a5fe20a7b66e8135d7fd617b13272626a28278d0e578c98720d9ba4b2439d49", size = 2291213 },
    { url = "https://files.pythonhosted.org/packages/14/81/d0dff759a74ba87715509af9f6cb21fa21d93b02b3316ed43bda83664db9/pillow-11.1.0-cp310-cp310-win_amd64.whl", hash = "sha256:b6123aa4a59d75f06e9dd3dac5bf8bc9aa383121bb3dd9a7a612e05eabc9961a", size = 2625725 },
    { url = "https://files.pythonhosted.org/packages/ce/1f/8d50c096a1d58ef0584ddc37e6f602828515219e9d2428e14ce50f5ecad1/pillow-11.1.0-cp310-cp310-win_arm64.whl", hash = "sha256:a76da0a31da6fcae4210aa94fd779c65c75786bc9af06289cd1c184451ef7a65", size = 2375213 },
    { url = "https://files.pythonhosted.org/packages/dd/d6/2000bfd8d5414fb70cbbe52c8332f2283ff30ed66a9cde42716c8ecbe22c/pillow-11.1.0-cp311-cp311-macosx_10_10_x86_64.whl", hash = "sha256:e06695e0326d05b06833b40b7ef477e475d0b1ba3a6d27da1bb48c23209bf457", size = 3229968 },
    { url = "https://files.pythonhosted.org/packages/d9/45/3fe487010dd9ce0a06adf9b8ff4f273cc0a44536e234b0fad3532a42c15b/pillow-11.1.0-cp311-cp311-macosx_11_0_arm64.whl", hash = "sha256:96f82000e12f23e4f29346e42702b6ed9a2f2fea34a740dd5ffffcc8c539eb35", size = 3101806 },
    { url = "https://files.pythonhosted.org/packages/e3/72/776b3629c47d9d5f1c160113158a7a7ad177688d3a1159cd3b62ded5a33a/pillow-11.1.0-cp311-cp311-manylinux_2_17_aarch64.manylinux2014_aarch64.whl", hash = "sha256:a3cd561ded2cf2bbae44d4605837221b987c216cff94f49dfeed63488bb228d2", size = 4322283 },
    { url = "https://files.pythonhosted.org/packages/e4/c2/e25199e7e4e71d64eeb869f5b72c7ddec70e0a87926398785ab944d92375/pillow-11.1.0-cp311-cp311-manylinux_2_17_x86_64.manylinux2014_x86_64.whl", hash = "sha256:f189805c8be5ca5add39e6f899e6ce2ed824e65fb45f3c28cb2841911da19070", size = 4402945 },
    { url = "https://files.pythonhosted.org/packages/c1/ed/51d6136c9d5911f78632b1b86c45241c712c5a80ed7fa7f9120a5dff1eba/pillow-11.1.0-cp311-cp311-manylinux_2_28_aarch64.whl", hash = "sha256:dd0052e9db3474df30433f83a71b9b23bd9e4ef1de13d92df21a52c0303b8ab6", size = 4361228 },
    { url = "https://files.pythonhosted.org/packages/48/a4/fbfe9d5581d7b111b28f1d8c2762dee92e9821bb209af9fa83c940e507a0/pillow-11.1.0-cp311-cp311-manylinux_2_28_x86_64.whl", hash = "sha256:837060a8599b8f5d402e97197d4924f05a2e0d68756998345c829c33186217b1", size = 4484021 },
    { url = "https://files.pythonhosted.org/packages/39/db/0b3c1a5018117f3c1d4df671fb8e47d08937f27519e8614bbe86153b65a5/pillow-11.1.0-cp311-cp311-musllinux_1_2_aarch64.whl", hash = "sha256:aa8dd43daa836b9a8128dbe7d923423e5ad86f50a7a14dc688194b7be5c0dea2", size = 4287449 },
    { url = "https://files.pythonhosted.org/packages/d9/58/bc128da7fea8c89fc85e09f773c4901e95b5936000e6f303222490c052f3/pillow-11.1.0-cp311-cp311-musllinux_1_2_x86_64.whl", hash = "sha256:0a2f91f8a8b367e7a57c6e91cd25af510168091fb89ec5146003e424e1558a96", size = 4419972 },
    { url = "https://files.pythonhosted.org/packages/5f/bb/58f34379bde9fe197f51841c5bbe8830c28bbb6d3801f16a83b8f2ad37df/pillow-11.1.0-cp311-cp311-win32.whl", hash = "sha256:c12fc111ef090845de2bb15009372175d76ac99969bdf31e2ce9b42e4b8cd88f", size = 2291201 },
    { url = "https://files.pythonhosted.org/packages/3a/c6/fce9255272bcf0c39e15abd2f8fd8429a954cf344469eaceb9d0d1366913/pillow-11.1.0-cp311-cp311-win_amd64.whl", hash = "sha256:fbd43429d0d7ed6533b25fc993861b8fd512c42d04514a0dd6337fb3ccf22761", size = 2625686 },
    { url = "https://files.pythonhosted.org/packages/c8/52/8ba066d569d932365509054859f74f2a9abee273edcef5cd75e4bc3e831e/pillow-11.1.0-cp311-cp311-win_arm64.whl", hash = "sha256:f7955ecf5609dee9442cbface754f2c6e541d9e6eda87fad7f7a989b0bdb9d71", size = 2375194 },
    { url = "https://files.pythonhosted.org/packages/95/20/9ce6ed62c91c073fcaa23d216e68289e19d95fb8188b9fb7a63d36771db8/pillow-11.1.0-cp312-cp312-macosx_10_13_x86_64.whl", hash = "sha256:2062ffb1d36544d42fcaa277b069c88b01bb7298f4efa06731a7fd6cc290b81a", size = 3226818 },
    { url = "https://files.pythonhosted.org/packages/b9/d8/f6004d98579a2596c098d1e30d10b248798cceff82d2b77aa914875bfea1/pillow-11.1.0-cp312-cp312-macosx_11_0_arm64.whl", hash = "sha256:a85b653980faad27e88b141348707ceeef8a1186f75ecc600c395dcac19f385b", size = 3101662 },
    { url = "https://files.pythonhosted.org/packages/08/d9/892e705f90051c7a2574d9f24579c9e100c828700d78a63239676f960b74/pillow-11.1.0-cp312-cp312-manylinux_2_17_aarch64.manylinux2014_aarch64.whl", hash = "sha256:9409c080586d1f683df3f184f20e36fb647f2e0bc3988094d4fd8c9f4eb1b3b3", size = 4329317 },
    { url = "https://files.pythonhosted.org/packages/8c/aa/7f29711f26680eab0bcd3ecdd6d23ed6bce180d82e3f6380fb7ae35fcf3b/pillow-11.1.0-cp312-cp312-manylinux_2_17_x86_64.manylinux2014_x86_64.whl", hash = "sha256:7fdadc077553621911f27ce206ffcbec7d3f8d7b50e0da39f10997e8e2bb7f6a", size = 4412999 },
    { url = "https://files.pythonhosted.org/packages/c8/c4/8f0fe3b9e0f7196f6d0bbb151f9fba323d72a41da068610c4c960b16632a/pillow-11.1.0-cp312-cp312-manylinux_2_28_aarch64.whl", hash = "sha256:93a18841d09bcdd774dcdc308e4537e1f867b3dec059c131fde0327899734aa1", size = 4368819 },
    { url = "https://files.pythonhosted.org/packages/38/0d/84200ed6a871ce386ddc82904bfadc0c6b28b0c0ec78176871a4679e40b3/pillow-11.1.0-cp312-cp312-manylinux_2_28_x86_64.whl", hash = "sha256:9aa9aeddeed452b2f616ff5507459e7bab436916ccb10961c4a382cd3e03f47f", size = 4496081 },
    { url = "https://files.pythonhosted.org/packages/84/9c/9bcd66f714d7e25b64118e3952d52841a4babc6d97b6d28e2261c52045d4/pillow-11.1.0-cp312-cp312-musllinux_1_2_aarch64.whl", hash = "sha256:3cdcdb0b896e981678eee140d882b70092dac83ac1cdf6b3a60e2216a73f2b91", size = 4296513 },
    { url = "https://files.pythonhosted.org/packages/db/61/ada2a226e22da011b45f7104c95ebda1b63dcbb0c378ad0f7c2a710f8fd2/pillow-11.1.0-cp312-cp312-musllinux_1_2_x86_64.whl", hash = "sha256:36ba10b9cb413e7c7dfa3e189aba252deee0602c86c309799da5a74009ac7a1c", size = 4431298 },
    { url = "https://files.pythonhosted.org/packages/e7/c4/fc6e86750523f367923522014b821c11ebc5ad402e659d8c9d09b3c9d70c/pillow-11.1.0-cp312-cp312-win32.whl", hash = "sha256:cfd5cd998c2e36a862d0e27b2df63237e67273f2fc78f47445b14e73a810e7e6", size = 2291630 },
    { url = "https://files.pythonhosted.org/packages/08/5c/2104299949b9d504baf3f4d35f73dbd14ef31bbd1ddc2c1b66a5b7dfda44/pillow-11.1.0-cp312-cp312-win_amd64.whl", hash = "sha256:a697cd8ba0383bba3d2d3ada02b34ed268cb548b369943cd349007730c92bddf", size = 2626369 },
    { url = "https://files.pythonhosted.org/packages/37/f3/9b18362206b244167c958984b57c7f70a0289bfb59a530dd8af5f699b910/pillow-11.1.0-cp312-cp312-win_arm64.whl", hash = "sha256:4dd43a78897793f60766563969442020e90eb7847463eca901e41ba186a7d4a5", size = 2375240 },
    { url = "https://files.pythonhosted.org/packages/9a/1f/9df5ac77491fddd2e36c352d16976dc11fbe6ab842f5df85fd7e31b847b9/pillow-11.1.0-cp39-cp39-macosx_10_10_x86_64.whl", hash = "sha256:bf902d7413c82a1bfa08b06a070876132a5ae6b2388e2712aab3a7cbc02205c6", size = 3229995 },
    { url = "https://files.pythonhosted.org/packages/a6/62/c7b359e924dca274173b04922ac06aa63614f7e934d132f2fe1d852509aa/pillow-11.1.0-cp39-cp39-macosx_11_0_arm64.whl", hash = "sha256:c1eec9d950b6fe688edee07138993e54ee4ae634c51443cfb7c1e7613322718e", size = 3101890 },
    { url = "https://files.pythonhosted.org/packages/7b/63/136f21340a434de895b62bcf2c386005a8aa24066c4facd619f5e0e9f283/pillow-11.1.0-cp39-cp39-manylinux_2_17_aarch64.manylinux2014_aarch64.whl", hash = "sha256:8e275ee4cb11c262bd108ab2081f750db2a1c0b8c12c1897f27b160c8bd57bbc", size = 4310366 },
    { url = "https://files.pythonhosted.org/packages/f6/46/0bd0ca03d9d1164a7fa33d285ef6d1c438e963d0c8770e4c5b3737ef5abe/pillow-11.1.0-cp39-cp39-manylinux_2_17_x86_64.manylinux2014_x86_64.whl", hash = "sha256:4db853948ce4e718f2fc775b75c37ba2efb6aaea41a1a5fc57f0af59eee774b2", size = 4391582 },
    { url = "https://files.pythonhosted.org/packages/0c/55/f182db572b28bd833b8e806f933f782ceb2df64c40e4d8bd3d4226a46eca/pillow-11.1.0-cp39-cp39-manylinux_2_28_aarch64.whl", hash = "sha256:ab8a209b8485d3db694fa97a896d96dd6533d63c22829043fd9de627060beade", size = 4350278 },
    { url = "https://files.pythonhosted.org/packages/75/fb/e330fdbbcbc4744214b5f53b84d9d8a9f4ffbebc2e9c2ac10475386e3296/pillow-11.1.0-cp39-cp39-manylinux_2_28_x86_64.whl", hash = "sha256:54251ef02a2309b5eec99d151ebf5c9904b77976c8abdcbce7891ed22df53884", size = 4471768 },
    { url = "https://files.pythonhosted.org/packages/eb/51/20ee6c4da4448d7a67ffb720a5fcdb965115a78e211a1f58f9845ae15f86/pillow-11.1.0-cp39-cp39-musllinux_1_2_aarch64.whl", hash = "sha256:5bb94705aea800051a743aa4874bb1397d4695fb0583ba5e425ee0328757f196", size = 4276549 },
    { url = "https://files.pythonhosted.org/packages/37/f2/a25c0bdaa6d6fd5cc3d4a6f65b5a7ea46e7af58bee00a98efe0a5af79c58/pillow-11.1.0-cp39-cp39-musllinux_1_2_x86_64.whl", hash = "sha256:89dbdb3e6e9594d512780a5a1c42801879628b38e3efc7038094430844e271d8", size = 4409350 },
    { url = "https://files.pythonhosted.org/packages/12/a7/06687947604cd3e47abeea1b78b65d34ffce7feab03cfe0dd985f115dca3/pillow-11.1.0-cp39-cp39-win32.whl", hash = "sha256:e5449ca63da169a2e6068dd0e2fcc8d91f9558aba89ff6d02121ca8ab11e79e5", size = 2291271 },
    { url = "https://files.pythonhosted.org/packages/21/a6/f51d47675940b5c63b08ff0575b3518428b4acb891f88526fa4ee1edab6f/pillow-11.1.0-cp39-cp39-win_amd64.whl", hash = "sha256:3362c6ca227e65c54bf71a5f88b3d4565ff1bcbc63ae72c34b07bbb1cc59a43f", size = 2625783 },
    { url = "https://files.pythonhosted.org/packages/95/56/97750bd33e68648fa432dfadcb8ede7624bd905822d42262d34bcebdd9d7/pillow-11.1.0-cp39-cp39-win_arm64.whl", hash = "sha256:b20be51b37a75cc54c2c55def3fa2c65bb94ba859dde241cd0a4fd302de5ae0a", size = 2375193 },
    { url = "https://files.pythonhosted.org/packages/fa/c5/389961578fb677b8b3244fcd934f720ed25a148b9a5cc81c91bdf59d8588/pillow-11.1.0-pp310-pypy310_pp73-macosx_10_15_x86_64.whl", hash = "sha256:8c730dc3a83e5ac137fbc92dfcfe1511ce3b2b5d7578315b63dbbb76f7f51d90", size = 3198345 },
    { url = "https://files.pythonhosted.org/packages/c4/fa/803c0e50ffee74d4b965229e816af55276eac1d5806712de86f9371858fd/pillow-11.1.0-pp310-pypy310_pp73-macosx_11_0_arm64.whl", hash = "sha256:7d33d2fae0e8b170b6a6c57400e077412240f6f5bb2a342cf1ee512a787942bb", size = 3072938 },
    { url = "https://files.pythonhosted.org/packages/dc/67/2a3a5f8012b5d8c63fe53958ba906c1b1d0482ebed5618057ef4d22f8076/pillow-11.1.0-pp310-pypy310_pp73-manylinux_2_17_aarch64.manylinux2014_aarch64.whl", hash = "sha256:a8d65b38173085f24bc07f8b6c505cbb7418009fa1a1fcb111b1f4961814a442", size = 3400049 },
    { url = "https://files.pythonhosted.org/packages/e5/a0/514f0d317446c98c478d1872497eb92e7cde67003fed74f696441e647446/pillow-11.1.0-pp310-pypy310_pp73-manylinux_2_17_x86_64.manylinux2014_x86_64.whl", hash = "sha256:015c6e863faa4779251436db398ae75051469f7c903b043a48f078e437656f83", size = 3422431 },
    { url = "https://files.pythonhosted.org/packages/cd/00/20f40a935514037b7d3f87adfc87d2c538430ea625b63b3af8c3f5578e72/pillow-11.1.0-pp310-pypy310_pp73-manylinux_2_28_aarch64.whl", hash = "sha256:d44ff19eea13ae4acdaaab0179fa68c0c6f2f45d66a4d8ec1eda7d6cecbcc15f", size = 3446208 },
    { url = "https://files.pythonhosted.org/packages/28/3c/7de681727963043e093c72e6c3348411b0185eab3263100d4490234ba2f6/pillow-11.1.0-pp310-pypy310_pp73-manylinux_2_28_x86_64.whl", hash = "sha256:d3d8da4a631471dfaf94c10c85f5277b1f8e42ac42bade1ac67da4b4a7359b73", size = 3509746 },
    { url = "https://files.pythonhosted.org/packages/41/67/936f9814bdd74b2dfd4822f1f7725ab5d8ff4103919a1664eb4874c58b2f/pillow-11.1.0-pp310-pypy310_pp73-win_amd64.whl", hash = "sha256:4637b88343166249fe8aa94e7c4a62a180c4b3898283bb5d3d2fd5fe10d8e4e0", size = 2626353 },
]

[[package]]
name = "pypdf2"
version = "3.0.1"
source = { registry = "https://pypi.org/simple" }
dependencies = [
    { name = "typing-extensions", marker = "python_full_version < '3.10'" },
]
sdist = { url = "https://files.pythonhosted.org/packages/9f/bb/18dc3062d37db6c491392007dfd1a7f524bb95886eb956569ac38a23a784/PyPDF2-3.0.1.tar.gz", hash = "sha256:a74408f69ba6271f71b9352ef4ed03dc53a31aa404d29b5d31f53bfecfee1440", size = 227419 }
wheels = [
    { url = "https://files.pythonhosted.org/packages/8e/5e/c86a5643653825d3c913719e788e41386bee415c2b87b4f955432f2de6b2/pypdf2-3.0.1-py3-none-any.whl", hash = "sha256:d16e4205cfee272fbdc0568b68d82be796540b1537508cef59388f839c191928", size = 232572 },
]

[[package]]
name = "reportlab"
version = "4.2.5"
source = { registry = "https://pypi.org/simple" }
dependencies = [
    { name = "chardet" },
    { name = "pillow" },
]
sdist = { url = "https://files.pythonhosted.org/packages/c2/4c/ac8c34dc022fd4f542bc86d266b0bf83ce079917875d16ab52b95c588a34/reportlab-4.2.5.tar.gz", hash = "sha256:5cf35b8fd609b68080ac7bbb0ae1e376104f7d5f7b2d3914c7adc63f2593941f", size = 3581379 }
wheels = [
    { url = "https://files.pythonhosted.org/packages/73/12/6444906db1bc65d3a8118afb089d53c7eeca0726164f51eb3599de1d0665/reportlab-4.2.5-py3-none-any.whl", hash = "sha256:eb2745525a982d9880babb991619e97ac3f661fae30571b7d50387026ca765ee", size = 1942821 },
]

[[package]]
name = "robotframework"
version = "7.2"
source = { registry = "https://pypi.org/simple" }
sdist = { url = "https://files.pythonhosted.org/packages/04/77/bdd9474f19fad4c285971169342924dae415fb4a5e49a488636acdbec08d/robotframework-7.2.tar.gz", hash = "sha256:9fc77d40283c26690bbc1563fb7fcadac789afe8695d332ced3fa4696df39eb9", size = 625495 }
wheels = [
    { url = "https://files.pythonhosted.org/packages/19/fd/e3bcd6c9ff721491b02ca80538c02e051259f5eb3010e4a6a65f5644e924/robotframework-7.2-py3-none-any.whl", hash = "sha256:0b1caeb40be3d8c5fd4eb9303b221e384aa98f87f665bd66e6de8d7170d8a3c7", size = 777599 },
]

[[package]]
name = "typing-extensions"
version = "4.12.2"
source = { registry = "https://pypi.org/simple" }
sdist = { url = "https://files.pythonhosted.org/packages/df/db/f35a00659bc03fec321ba8bce9420de607a1d37f8342eee1863174c69557/typing_extensions-4.12.2.tar.gz", hash = "sha256:1a7ead55c7e559dd4dee8856e3a88b41225abfe1ce8df57b7c13915fe121ffb8", size = 85321 }
wheels = [
    { url = "https://files.pythonhosted.org/packages/26/9f/ad63fc0248c5379346306f8668cda6e2e2e9c95e01216d2b8ffd9ff037d0/typing_extensions-4.12.2-py3-none-any.whl", hash = "sha256:04e5ca0351e0f3f85c6853954072df659d0d13fac324d0072316b67d7794700d", size = 37438 },
]
