# generated by rye
# use `rye lock` or `rye sync` to update this lockfile
#
# last locked with the following flags:
#   pre: false
#   features: []
#   all-features: false
#   with-sources: false
#   generate-hashes: false
#   universal: true

-e file:.
aiohttp==3.9.5
    # via iwashi
aiosignal==1.3.1
    # via aiohttp
attrs==23.2.0
    # via aiohttp
beautifulsoup4==4.12.3
    # via bs4
bs4==0.0.2
    # via iwashi
click==8.1.7
    # via iwashi
colorama==0.4.6 ; platform_system == 'Windows' or sys_platform == 'win32'
    # via click
    # via loguru
frozenlist==1.4.1
    # via aiohttp
    # via aiosignal
idna==3.7
    # via yarl
loguru==0.7.2
    # via iwashi
multidict==6.0.5
    # via aiohttp
    # via yarl
soupsieve==2.5
    # via beautifulsoup4
win32-setctime==1.1.0 ; sys_platform == 'win32'
    # via loguru
yarl==1.9.4
    # via aiohttp
